
Microsoft Visual Studio Solution File, Format Version 12.00
# Visual Studio Version 17
VisualStudioVersion = 17.3.32811.315
MinimumVisualStudioVersion = 10.0.40219.1
Project("{FAE04EC0-301F-11D3-BF4B-00C04F79EFBC}") = "WebService", "WebService\WebService.csproj", "{B2BCBC8E-ABE8-42E8-9150-ABBC8D7803CB}"
EndProject
Global
	GlobalSection(SolutionConfigurationPlatforms) = preSolution
		Debug|Any CPU = Debug|Any CPU
		Release|Any CPU = Release|Any CPU
	EndGlobalSection
	GlobalSection(ProjectConfigurationPlatforms) = postSolution
		{B2BCBC8E-ABE8-42E8-9150-ABBC8D7803CB}.Debug|Any CPU.ActiveCfg = Debug|Any CPU
		{B2BCBC8E-ABE8-42E8-9150-ABBC8D7803CB}.Debug|Any CPU.Build.0 = Debug|Any CPU
		{B2BCBC8E-ABE8-42E8-9150-ABBC8D7803CB}.Release|Any CPU.ActiveCfg = Release|Any CPU
		{B2BCBC8E-ABE8-42E8-9150-ABBC8D7803CB}.Release|Any CPU.Build.0 = Release|Any CPU
	EndGlobalSection
	GlobalSection(SolutionProperties) = preSolution
		HideSolutionNode = FALSE
	EndGlobalSection
	GlobalSection(ExtensibilityGlobals) = postSolution
		SolutionGuid = {2C74249E-61D6-462E-80D7-E0B1B5A520F8}
	EndGlobalSection
EndGlobal
